// !$*UTF8*$!
{
	archiveVersion = 1;
	classes = {
	};
	objectVersion = 54;
	objects = {

/* Begin PBXBuildFile section */
		00E356F31AD99517003FC87E /* WhiteLabelSampleAppTests.m in Sources */ = {isa = PBXBuildFile; fileRef = 00E356F21AD99517003FC87E /* WhiteLabelSampleAppTests.m */; };
		83702D112C53B27500D703D2 /* AppDelegate.mm in Sources */ = {isa = PBXBuildFile; fileRef = 13B07FB01A68108700A75B9A /* AppDelegate.mm */; };
		83702D122C53B27500D703D2 /* main.m in Sources */ = {isa = PBXBuildFile; fileRef = 13B07FB71A68108700A75B9A /* main.m */; };
		83702D132C53B27500D703D2 /* WhiteLabelPropertiesHandler.swift in Sources */ = {isa = PBXBuildFile; fileRef = 83702D092C53AED200D703D2 /* WhiteLabelPropertiesHandler.swift */; };
		83702D172C53B27500D703D2 /* LaunchScreen.storyboard in Resources */ = {isa = PBXBuildFile; fileRef = 81AB9BB72411601600AC10FF /* LaunchScreen.storyboard */; };
		83702D182C53B27500D703D2 /* Images.xcassets in Resources */ = {isa = PBXBuildFile; fileRef = 13B07FB51A68108700A75B9A /* Images.xcassets */; };
		83702D192C53B27500D703D2 /* PrivacyInfo.xcprivacy in Resources */ = {isa = PBXBuildFile; fileRef = AEF0A83BA2565E05ACE6FE44 /* PrivacyInfo.xcprivacy */; };
		83702D252C53B28E00D703D2 /* AppDelegate.mm in Sources */ = {isa = PBXBuildFile; fileRef = 13B07FB01A68108700A75B9A /* AppDelegate.mm */; };
		83702D262C53B28E00D703D2 /* main.m in Sources */ = {isa = PBXBuildFile; fileRef = 13B07FB71A68108700A75B9A /* main.m */; };
		83702D272C53B28E00D703D2 /* WhiteLabelPropertiesHandler.swift in Sources */ = {isa = PBXBuildFile; fileRef = 83702D092C53AED200D703D2 /* WhiteLabelPropertiesHandler.swift */; };
		83702D2B2C53B28E00D703D2 /* LaunchScreen.storyboard in Resources */ = {isa = PBXBuildFile; fileRef = 81AB9BB72411601600AC10FF /* LaunchScreen.storyboard */; };
		83702D2C2C53B28E00D703D2 /* Images.xcassets in Resources */ = {isa = PBXBuildFile; fileRef = 13B07FB51A68108700A75B9A /* Images.xcassets */; };
		83702D2D2C53B28E00D703D2 /* PrivacyInfo.xcprivacy in Resources */ = {isa = PBXBuildFile; fileRef = AEF0A83BA2565E05ACE6FE44 /* PrivacyInfo.xcprivacy */; };
		83702D372C53B36900D703D2 /* com.whitelabelsampleapp.basic.plist in Resources */ = {isa = PBXBuildFile; fileRef = 83702D362C53B36900D703D2 /* com.whitelabelsampleapp.basic.plist */; };
		83702D382C53B36F00D703D2 /* BasicFlavor-Info.plist in Resources */ = {isa = PBXBuildFile; fileRef = 83702D352C53B28E00D703D2 /* BasicFlavor-Info.plist */; };
		83702D392C53B37300D703D2 /* MainFlavor-Info.plist in Resources */ = {isa = PBXBuildFile; fileRef = 83702D212C53B27500D703D2 /* MainFlavor-Info.plist */; };
		83702D3B2C53B39800D703D2 /* com.whitelabelsampleapp.main.plist in Resources */ = {isa = PBXBuildFile; fileRef = 83702D3A2C53B39800D703D2 /* com.whitelabelsampleapp.main.plist */; };
		873DEEBF0D656FDAFC779B74 /* libPods-WhiteLabelSampleAppTests.a in Frameworks */ = {isa = PBXBuildFile; fileRef = 6C872E53CF8F14BC1BDC1CD5 /* libPods-WhiteLabelSampleAppTests.a */; };
		C7D4AEEF38397C754CDD12F5 /* libPods-MainFlavor.a in Frameworks */ = {isa = PBXBuildFile; fileRef = 28F31764084FE47B2B31A81E /* libPods-MainFlavor.a */; };
		F8E4D0B24DBD4A86AC0776B1 /* libPods-BasicFlavor.a in Frameworks */ = {isa = PBXBuildFile; fileRef = 896887F763F288BACEAC5AB4 /* libPods-BasicFlavor.a */; };
/* End PBXBuildFile section */

/* Begin PBXFileReference section */
		00E356EE1AD99517003FC87E /* WhiteLabelSampleAppTests.xctest */ = {isa = PBXFileReference; explicitFileType = wrapper.cfbundle; includeInIndex = 0; path = WhiteLabelSampleAppTests.xctest; sourceTree = BUILT_PRODUCTS_DIR; };
		00E356F11AD99517003FC87E /* Info.plist */ = {isa = PBXFileReference; lastKnownFileType = text.plist.xml; path = Info.plist; sourceTree = "<group>"; };
		00E356F21AD99517003FC87E /* WhiteLabelSampleAppTests.m */ = {isa = PBXFileReference; lastKnownFileType = sourcecode.c.objc; path = WhiteLabelSampleAppTests.m; sourceTree = "<group>"; };
		13B07FAF1A68108700A75B9A /* AppDelegate.h */ = {isa = PBXFileReference; fileEncoding = 4; lastKnownFileType = sourcecode.c.h; name = AppDelegate.h; path = WhiteLabelSampleApp/AppDelegate.h; sourceTree = "<group>"; };
		13B07FB01A68108700A75B9A /* AppDelegate.mm */ = {isa = PBXFileReference; fileEncoding = 4; lastKnownFileType = sourcecode.cpp.objcpp; name = AppDelegate.mm; path = WhiteLabelSampleApp/AppDelegate.mm; sourceTree = "<group>"; };
		13B07FB51A68108700A75B9A /* Images.xcassets */ = {isa = PBXFileReference; lastKnownFileType = folder.assetcatalog; name = Images.xcassets; path = WhiteLabelSampleApp/Images.xcassets; sourceTree = "<group>"; };
		13B07FB71A68108700A75B9A /* main.m */ = {isa = PBXFileReference; fileEncoding = 4; lastKnownFileType = sourcecode.c.objc; name = main.m; path = WhiteLabelSampleApp/main.m; sourceTree = "<group>"; };
		13B07FB81A68108700A75B9A /* PrivacyInfo.xcprivacy */ = {isa = PBXFileReference; fileEncoding = 4; lastKnownFileType = text.plist.xml; name = PrivacyInfo.xcprivacy; path = WhiteLabelSampleApp/PrivacyInfo.xcprivacy; sourceTree = "<group>"; };
		24F97C295DC7A3CB22AD45A1 /* Pods-WhiteLabelSampleAppTests.debug.xcconfig */ = {isa = PBXFileReference; includeInIndex = 1; lastKnownFileType = text.xcconfig; name = "Pods-WhiteLabelSampleAppTests.debug.xcconfig"; path = "Target Support Files/Pods-WhiteLabelSampleAppTests/Pods-WhiteLabelSampleAppTests.debug.xcconfig"; sourceTree = "<group>"; };
		28F31764084FE47B2B31A81E /* libPods-MainFlavor.a */ = {isa = PBXFileReference; explicitFileType = archive.ar; includeInIndex = 0; path = "libPods-MainFlavor.a"; sourceTree = BUILT_PRODUCTS_DIR; };
		33C6424409E003AAFDB777C3 /* Pods-BasicFlavor.release.xcconfig */ = {isa = PBXFileReference; includeInIndex = 1; lastKnownFileType = text.xcconfig; name = "Pods-BasicFlavor.release.xcconfig"; path = "Target Support Files/Pods-BasicFlavor/Pods-BasicFlavor.release.xcconfig"; sourceTree = "<group>"; };
		3B4392A12AC88292D35C810B /* Pods-WhiteLabelSampleApp.debug.xcconfig */ = {isa = PBXFileReference; includeInIndex = 1; lastKnownFileType = text.xcconfig; name = "Pods-WhiteLabelSampleApp.debug.xcconfig"; path = "Target Support Files/Pods-WhiteLabelSampleApp/Pods-WhiteLabelSampleApp.debug.xcconfig"; sourceTree = "<group>"; };
		44413021EB92289214912BA3 /* Pods-BasicFlavor.debug.xcconfig */ = {isa = PBXFileReference; includeInIndex = 1; lastKnownFileType = text.xcconfig; name = "Pods-BasicFlavor.debug.xcconfig"; path = "Target Support Files/Pods-BasicFlavor/Pods-BasicFlavor.debug.xcconfig"; sourceTree = "<group>"; };
		5709B34CF0A7D63546082F79 /* Pods-WhiteLabelSampleApp.release.xcconfig */ = {isa = PBXFileReference; includeInIndex = 1; lastKnownFileType = text.xcconfig; name = "Pods-WhiteLabelSampleApp.release.xcconfig"; path = "Target Support Files/Pods-WhiteLabelSampleApp/Pods-WhiteLabelSampleApp.release.xcconfig"; sourceTree = "<group>"; };
		5B7EB9410499542E8C5724F5 /* Pods-WhiteLabelSampleApp-WhiteLabelSampleAppTests.debug.xcconfig */ = {isa = PBXFileReference; includeInIndex = 1; lastKnownFileType = text.xcconfig; name = "Pods-WhiteLabelSampleApp-WhiteLabelSampleAppTests.debug.xcconfig"; path = "Target Support Files/Pods-WhiteLabelSampleApp-WhiteLabelSampleAppTests/Pods-WhiteLabelSampleApp-WhiteLabelSampleAppTests.debug.xcconfig"; sourceTree = "<group>"; };
		6C872E53CF8F14BC1BDC1CD5 /* libPods-WhiteLabelSampleAppTests.a */ = {isa = PBXFileReference; explicitFileType = archive.ar; includeInIndex = 0; path = "libPods-WhiteLabelSampleAppTests.a"; sourceTree = BUILT_PRODUCTS_DIR; };
		81AB9BB72411601600AC10FF /* LaunchScreen.storyboard */ = {isa = PBXFileReference; fileEncoding = 4; lastKnownFileType = file.storyboard; name = LaunchScreen.storyboard; path = WhiteLabelSampleApp/LaunchScreen.storyboard; sourceTree = "<group>"; };
		83702D082C53AED100D703D2 /* WhiteLabelSampleApp-Bridging-Header.h */ = {isa = PBXFileReference; lastKnownFileType = sourcecode.c.h; path = "WhiteLabelSampleApp-Bridging-Header.h"; sourceTree = "<group>"; };
		83702D092C53AED200D703D2 /* WhiteLabelPropertiesHandler.swift */ = {isa = PBXFileReference; lastKnownFileType = sourcecode.swift; name = WhiteLabelPropertiesHandler.swift; path = WhiteLabelSampleApp/WhiteLabelPropertiesHandler.swift; sourceTree = "<group>"; };
		83702D202C53B27500D703D2 /* MainFlavor.app */ = {isa = PBXFileReference; explicitFileType = wrapper.application; includeInIndex = 0; path = MainFlavor.app; sourceTree = BUILT_PRODUCTS_DIR; };
		83702D212C53B27500D703D2 /* MainFlavor-Info.plist */ = {isa = PBXFileReference; lastKnownFileType = text.plist.xml; name = "MainFlavor-Info.plist"; path = "/Users/mateuszmedrek/work/rn/WhiteLabelSampleApp/ios/Resources/MainFlavor/MainFlavor-Info.plist"; sourceTree = "<absolute>"; };
		83702D342C53B28E00D703D2 /* BasicFlavor.app */ = {isa = PBXFileReference; explicitFileType = wrapper.application; includeInIndex = 0; path = BasicFlavor.app; sourceTree = BUILT_PRODUCTS_DIR; };
		83702D352C53B28E00D703D2 /* BasicFlavor-Info.plist */ = {isa = PBXFileReference; lastKnownFileType = text.plist.xml; name = "BasicFlavor-Info.plist"; path = "/Users/mateuszmedrek/work/rn/WhiteLabelSampleApp/ios/Resources/BasicFlavor/BasicFlavor-Info.plist"; sourceTree = "<absolute>"; };
		83702D362C53B36900D703D2 /* com.whitelabelsampleapp.basic.plist */ = {isa = PBXFileReference; lastKnownFileType = text.plist.xml; path = com.whitelabelsampleapp.basic.plist; sourceTree = "<group>"; };
		83702D3A2C53B39800D703D2 /* com.whitelabelsampleapp.main.plist */ = {isa = PBXFileReference; lastKnownFileType = text.plist.xml; path = com.whitelabelsampleapp.main.plist; sourceTree = "<group>"; };
		896887F763F288BACEAC5AB4 /* libPods-BasicFlavor.a */ = {isa = PBXFileReference; explicitFileType = archive.ar; includeInIndex = 0; path = "libPods-BasicFlavor.a"; sourceTree = BUILT_PRODUCTS_DIR; };
		89C6BE57DB24E9ADA2F236DE /* Pods-WhiteLabelSampleApp-WhiteLabelSampleAppTests.release.xcconfig */ = {isa = PBXFileReference; includeInIndex = 1; lastKnownFileType = text.xcconfig; name = "Pods-WhiteLabelSampleApp-WhiteLabelSampleAppTests.release.xcconfig"; path = "Target Support Files/Pods-WhiteLabelSampleApp-WhiteLabelSampleAppTests/Pods-WhiteLabelSampleApp-WhiteLabelSampleAppTests.release.xcconfig"; sourceTree = "<group>"; };
		A3AECDFC1CDFF3CA755DE7E7 /* Pods-MainFlavor.release.xcconfig */ = {isa = PBXFileReference; includeInIndex = 1; lastKnownFileType = text.xcconfig; name = "Pods-MainFlavor.release.xcconfig"; path = "Target Support Files/Pods-MainFlavor/Pods-MainFlavor.release.xcconfig"; sourceTree = "<group>"; };
		AEF0A83BA2565E05ACE6FE44 /* PrivacyInfo.xcprivacy */ = {isa = PBXFileReference; includeInIndex = 1; lastKnownFileType = text.xml; name = PrivacyInfo.xcprivacy; path = WhiteLabelSampleApp/PrivacyInfo.xcprivacy; sourceTree = "<group>"; };
		DC3FC9369F5FE3F0343306EF /* Pods-MainFlavor.debug.xcconfig */ = {isa = PBXFileReference; includeInIndex = 1; lastKnownFileType = text.xcconfig; name = "Pods-MainFlavor.debug.xcconfig"; path = "Target Support Files/Pods-MainFlavor/Pods-MainFlavor.debug.xcconfig"; sourceTree = "<group>"; };
		E1B3A37782BAC0C91D8EAE44 /* Pods-WhiteLabelSampleAppTests.release.xcconfig */ = {isa = PBXFileReference; includeInIndex = 1; lastKnownFileType = text.xcconfig; name = "Pods-WhiteLabelSampleAppTests.release.xcconfig"; path = "Target Support Files/Pods-WhiteLabelSampleAppTests/Pods-WhiteLabelSampleAppTests.release.xcconfig"; sourceTree = "<group>"; };
		ED297162215061F000B7C4FE /* JavaScriptCore.framework */ = {isa = PBXFileReference; lastKnownFileType = wrapper.framework; name = JavaScriptCore.framework; path = System/Library/Frameworks/JavaScriptCore.framework; sourceTree = SDKROOT; };
/* End PBXFileReference section */

/* Begin PBXFrameworksBuildPhase section */
		00E356EB1AD99517003FC87E /* Frameworks */ = {
			isa = PBXFrameworksBuildPhase;
			buildActionMask = 2147483647;
			files = (
				873DEEBF0D656FDAFC779B74 /* libPods-WhiteLabelSampleAppTests.a in Frameworks */,
			);
			runOnlyForDeploymentPostprocessing = 0;
		};
		83702D142C53B27500D703D2 /* Frameworks */ = {
			isa = PBXFrameworksBuildPhase;
			buildActionMask = 2147483647;
			files = (
				C7D4AEEF38397C754CDD12F5 /* libPods-MainFlavor.a in Frameworks */,
			);
			runOnlyForDeploymentPostprocessing = 0;
		};
		83702D282C53B28E00D703D2 /* Frameworks */ = {
			isa = PBXFrameworksBuildPhase;
			buildActionMask = 2147483647;
			files = (
				F8E4D0B24DBD4A86AC0776B1 /* libPods-BasicFlavor.a in Frameworks */,
			);
			runOnlyForDeploymentPostprocessing = 0;
		};
/* End PBXFrameworksBuildPhase section */

/* Begin PBXGroup section */
		00E356EF1AD99517003FC87E /* WhiteLabelSampleAppTests */ = {
			isa = PBXGroup;
			children = (
				00E356F21AD99517003FC87E /* WhiteLabelSampleAppTests.m */,
				00E356F01AD99517003FC87E /* Supporting Files */,
			);
			path = WhiteLabelSampleAppTests;
			sourceTree = "<group>";
		};
		00E356F01AD99517003FC87E /* Supporting Files */ = {
			isa = PBXGroup;
			children = (
				00E356F11AD99517003FC87E /* Info.plist */,
			);
			name = "Supporting Files";
			sourceTree = "<group>";
		};
		13B07FAE1A68108700A75B9A /* WhiteLabelSampleApp */ = {
			isa = PBXGroup;
			children = (
				13B07FAF1A68108700A75B9A /* AppDelegate.h */,
				13B07FB01A68108700A75B9A /* AppDelegate.mm */,
				13B07FB51A68108700A75B9A /* Images.xcassets */,
				81AB9BB72411601600AC10FF /* LaunchScreen.storyboard */,
				13B07FB71A68108700A75B9A /* main.m */,
				13B07FB81A68108700A75B9A /* PrivacyInfo.xcprivacy */,
				AEF0A83BA2565E05ACE6FE44 /* PrivacyInfo.xcprivacy */,
				83702D092C53AED200D703D2 /* WhiteLabelPropertiesHandler.swift */,
				83702D082C53AED100D703D2 /* WhiteLabelSampleApp-Bridging-Header.h */,
			);
			name = WhiteLabelSampleApp;
			sourceTree = "<group>";
		};
		2D16E6871FA4F8E400B85C8A /* Frameworks */ = {
			isa = PBXGroup;
			children = (
				ED297162215061F000B7C4FE /* JavaScriptCore.framework */,
				896887F763F288BACEAC5AB4 /* libPods-BasicFlavor.a */,
				28F31764084FE47B2B31A81E /* libPods-MainFlavor.a */,
				6C872E53CF8F14BC1BDC1CD5 /* libPods-WhiteLabelSampleAppTests.a */,
			);
			name = Frameworks;
			sourceTree = "<group>";
		};
		832341AE1AAA6A7D00B99B32 /* Libraries */ = {
			isa = PBXGroup;
			children = (
			);
			name = Libraries;
			sourceTree = "<group>";
		};
		83702D0B2C53B1AC00D703D2 /* Resources */ = {
			isa = PBXGroup;
			children = (
				83702D0D2C53B1E100D703D2 /* BasicFlavor */,
				83702D0C2C53B1C700D703D2 /* MainFlavor */,
			);
			path = Resources;
			sourceTree = "<group>";
		};
		83702D0C2C53B1C700D703D2 /* MainFlavor */ = {
			isa = PBXGroup;
			children = (
				83702D212C53B27500D703D2 /* MainFlavor-Info.plist */,
				83702D3A2C53B39800D703D2 /* com.whitelabelsampleapp.main.plist */,
			);
			path = MainFlavor;
			sourceTree = "<group>";
		};
		83702D0D2C53B1E100D703D2 /* BasicFlavor */ = {
			isa = PBXGroup;
			children = (
				83702D352C53B28E00D703D2 /* BasicFlavor-Info.plist */,
				83702D362C53B36900D703D2 /* com.whitelabelsampleapp.basic.plist */,
			);
			path = BasicFlavor;
			sourceTree = "<group>";
		};
		83CBB9F61A601CBA00E9B192 = {
			isa = PBXGroup;
			children = (
				13B07FAE1A68108700A75B9A /* WhiteLabelSampleApp */,
				832341AE1AAA6A7D00B99B32 /* Libraries */,
				00E356EF1AD99517003FC87E /* WhiteLabelSampleAppTests */,
				83702D0B2C53B1AC00D703D2 /* Resources */,
				83CBBA001A601CBA00E9B192 /* Products */,
				2D16E6871FA4F8E400B85C8A /* Frameworks */,
				BBD78D7AC51CEA395F1C20DB /* Pods */,
			);
			indentWidth = 2;
			sourceTree = "<group>";
			tabWidth = 2;
			usesTabs = 0;
		};
		83CBBA001A601CBA00E9B192 /* Products */ = {
			isa = PBXGroup;
			children = (
				00E356EE1AD99517003FC87E /* WhiteLabelSampleAppTests.xctest */,
				83702D202C53B27500D703D2 /* MainFlavor.app */,
				83702D342C53B28E00D703D2 /* BasicFlavor.app */,
			);
			name = Products;
			sourceTree = "<group>";
		};
		BBD78D7AC51CEA395F1C20DB /* Pods */ = {
			isa = PBXGroup;
			children = (
				3B4392A12AC88292D35C810B /* Pods-WhiteLabelSampleApp.debug.xcconfig */,
				5709B34CF0A7D63546082F79 /* Pods-WhiteLabelSampleApp.release.xcconfig */,
				5B7EB9410499542E8C5724F5 /* Pods-WhiteLabelSampleApp-WhiteLabelSampleAppTests.debug.xcconfig */,
				89C6BE57DB24E9ADA2F236DE /* Pods-WhiteLabelSampleApp-WhiteLabelSampleAppTests.release.xcconfig */,
				44413021EB92289214912BA3 /* Pods-BasicFlavor.debug.xcconfig */,
				33C6424409E003AAFDB777C3 /* Pods-BasicFlavor.release.xcconfig */,
				DC3FC9369F5FE3F0343306EF /* Pods-MainFlavor.debug.xcconfig */,
				A3AECDFC1CDFF3CA755DE7E7 /* Pods-MainFlavor.release.xcconfig */,
				24F97C295DC7A3CB22AD45A1 /* Pods-WhiteLabelSampleAppTests.debug.xcconfig */,
				E1B3A37782BAC0C91D8EAE44 /* Pods-WhiteLabelSampleAppTests.release.xcconfig */,
			);
			path = Pods;
			sourceTree = "<group>";
		};
/* End PBXGroup section */

/* Begin PBXNativeTarget section */
		00E356ED1AD99517003FC87E /* WhiteLabelSampleAppTests */ = {
			isa = PBXNativeTarget;
			buildConfigurationList = 00E357021AD99517003FC87E /* Build configuration list for PBXNativeTarget "WhiteLabelSampleAppTests" */;
			buildPhases = (
				A55EABD7B0C7F3A422A6CC61 /* [CP] Check Pods Manifest.lock */,
				00E356EA1AD99517003FC87E /* Sources */,
				00E356EB1AD99517003FC87E /* Frameworks */,
				00E356EC1AD99517003FC87E /* Resources */,
				C59DA0FBD6956966B86A3779 /* [CP] Embed Pods Frameworks */,
				F6A41C54EA430FDDC6A6ED99 /* [CP] Copy Pods Resources */,
			);
			buildRules = (
			);
			dependencies = (
			);
			name = WhiteLabelSampleAppTests;
			productName = WhiteLabelSampleAppTests;
			productReference = 00E356EE1AD99517003FC87E /* WhiteLabelSampleAppTests.xctest */;
			productType = "com.apple.product-type.bundle.unit-test";
		};
		83702D0E2C53B27500D703D2 /* MainFlavor */ = {
			isa = PBXNativeTarget;
			buildConfigurationList = 83702D1D2C53B27500D703D2 /* Build configuration list for PBXNativeTarget "MainFlavor" */;
			buildPhases = (
				83702D0F2C53B27500D703D2 /* [CP] Check Pods Manifest.lock */,
				83702D102C53B27500D703D2 /* Sources */,
				83702D142C53B27500D703D2 /* Frameworks */,
				83702D162C53B27500D703D2 /* Resources */,
				83702D1A2C53B27500D703D2 /* Bundle React Native code and images */,
				83702D1B2C53B27500D703D2 /* [CP] Embed Pods Frameworks */,
				83702D1C2C53B27500D703D2 /* [CP] Copy Pods Resources */,
			);
			buildRules = (
			);
			dependencies = (
			);
			name = MainFlavor;
			productName = WhiteLabelSampleApp;
			productReference = 83702D202C53B27500D703D2 /* MainFlavor.app */;
			productType = "com.apple.product-type.application";
		};
		83702D222C53B28E00D703D2 /* BasicFlavor */ = {
			isa = PBXNativeTarget;
			buildConfigurationList = 83702D312C53B28E00D703D2 /* Build configuration list for PBXNativeTarget "BasicFlavor" */;
			buildPhases = (
				83702D232C53B28E00D703D2 /* [CP] Check Pods Manifest.lock */,
				83702D242C53B28E00D703D2 /* Sources */,
				83702D282C53B28E00D703D2 /* Frameworks */,
				83702D2A2C53B28E00D703D2 /* Resources */,
				83702D2E2C53B28E00D703D2 /* Bundle React Native code and images */,
				83702D2F2C53B28E00D703D2 /* [CP] Embed Pods Frameworks */,
				83702D302C53B28E00D703D2 /* [CP] Copy Pods Resources */,
			);
			buildRules = (
			);
			dependencies = (
			);
			name = BasicFlavor;
			productName = WhiteLabelSampleApp;
			productReference = 83702D342C53B28E00D703D2 /* BasicFlavor.app */;
			productType = "com.apple.product-type.application";
		};
/* End PBXNativeTarget section */

/* Begin PBXProject section */
		83CBB9F71A601CBA00E9B192 /* Project object */ = {
			isa = PBXProject;
			attributes = {
				LastUpgradeCheck = 1210;
				TargetAttributes = {
					00E356ED1AD99517003FC87E = {
						CreatedOnToolsVersion = 6.2;
						TestTargetID = 13B07F861A680F5B00A75B9A;
					};
				};
			};
			buildConfigurationList = 83CBB9FA1A601CBA00E9B192 /* Build configuration list for PBXProject "WhiteLabelSampleApp" */;
			compatibilityVersion = "Xcode 12.0";
			developmentRegion = en;
			hasScannedForEncodings = 0;
			knownRegions = (
				en,
				Base,
			);
			mainGroup = 83CBB9F61A601CBA00E9B192;
			productRefGroup = 83CBBA001A601CBA00E9B192 /* Products */;
			projectDirPath = "";
			projectRoot = "";
			targets = (
				83702D0E2C53B27500D703D2 /* MainFlavor */,
				83702D222C53B28E00D703D2 /* BasicFlavor */,
				00E356ED1AD99517003FC87E /* WhiteLabelSampleAppTests */,
			);
		};
/* End PBXProject section */

/* Begin PBXResourcesBuildPhase section */
		00E356EC1AD99517003FC87E /* Resources */ = {
			isa = PBXResourcesBuildPhase;
			buildActionMask = 2147483647;
			files = (
			);
			runOnlyForDeploymentPostprocessing = 0;
		};
		83702D162C53B27500D703D2 /* Resources */ = {
			isa = PBXResourcesBuildPhase;
			buildActionMask = 2147483647;
			files = (
				83702D172C53B27500D703D2 /* LaunchScreen.storyboard in Resources */,
				83702D3B2C53B39800D703D2 /* com.whitelabelsampleapp.main.plist in Resources */,
				83702D182C53B27500D703D2 /* Images.xcassets in Resources */,
				83702D192C53B27500D703D2 /* PrivacyInfo.xcprivacy in Resources */,
				83702D392C53B37300D703D2 /* MainFlavor-Info.plist in Resources */,
			);
			runOnlyForDeploymentPostprocessing = 0;
		};
		83702D2A2C53B28E00D703D2 /* Resources */ = {
			isa = PBXResourcesBuildPhase;
			buildActionMask = 2147483647;
			files = (
				83702D2B2C53B28E00D703D2 /* LaunchScreen.storyboard in Resources */,
				83702D2C2C53B28E00D703D2 /* Images.xcassets in Resources */,
				83702D382C53B36F00D703D2 /* BasicFlavor-Info.plist in Resources */,
				83702D372C53B36900D703D2 /* com.whitelabelsampleapp.basic.plist in Resources */,
				83702D2D2C53B28E00D703D2 /* PrivacyInfo.xcprivacy in Resources */,
			);
			runOnlyForDeploymentPostprocessing = 0;
		};
/* End PBXResourcesBuildPhase section */

/* Begin PBXShellScriptBuildPhase section */
		83702D0F2C53B27500D703D2 /* [CP] Check Pods Manifest.lock */ = {
			isa = PBXShellScriptBuildPhase;
			buildActionMask = 2147483647;
			files = (
			);
			inputFileListPaths = (
			);
			inputPaths = (
				"${PODS_PODFILE_DIR_PATH}/Podfile.lock",
				"${PODS_ROOT}/Manifest.lock",
			);
			name = "[CP] Check Pods Manifest.lock";
			outputFileListPaths = (
			);
			outputPaths = (
				"$(DERIVED_FILE_DIR)/Pods-MainFlavor-checkManifestLockResult.txt",
			);
			runOnlyForDeploymentPostprocessing = 0;
			shellPath = /bin/sh;
			shellScript = "diff \"${PODS_PODFILE_DIR_PATH}/Podfile.lock\" \"${PODS_ROOT}/Manifest.lock\" > /dev/null\nif [ $? != 0 ] ; then\n    # print error to STDERR\n    echo \"error: The sandbox is not in sync with the Podfile.lock. Run 'pod install' or update your CocoaPods installation.\" >&2\n    exit 1\nfi\n# This output is used by Xcode 'outputs' to avoid re-running this script phase.\necho \"SUCCESS\" > \"${SCRIPT_OUTPUT_FILE_0}\"\n";
			showEnvVarsInLog = 0;
		};
		83702D1A2C53B27500D703D2 /* Bundle React Native code and images */ = {
			isa = PBXShellScriptBuildPhase;
			buildActionMask = 2147483647;
			files = (
			);
			inputPaths = (
				"$(SRCROOT)/.xcode.env.local",
				"$(SRCROOT)/.xcode.env",
			);
			name = "Bundle React Native code and images";
			outputPaths = (
			);
			runOnlyForDeploymentPostprocessing = 0;
			shellPath = /bin/sh;
			shellScript = "set -e\n\nexport BUNDLE_COMMAND=webpack-bundle\n\nWITH_ENVIRONMENT=\"$REACT_NATIVE_PATH/scripts/xcode/with-environment.sh\"\nREACT_NATIVE_XCODE=\"$REACT_NATIVE_PATH/scripts/react-native-xcode.sh\"\n\n/bin/sh -c \"$WITH_ENVIRONMENT $REACT_NATIVE_XCODE\"\n";
		};
		83702D1B2C53B27500D703D2 /* [CP] Embed Pods Frameworks */ = {
			isa = PBXShellScriptBuildPhase;
			buildActionMask = 2147483647;
			files = (
			);
			inputFileListPaths = (
				"${PODS_ROOT}/Target Support Files/Pods-MainFlavor/Pods-MainFlavor-frameworks-${CONFIGURATION}-input-files.xcfilelist",
			);
			name = "[CP] Embed Pods Frameworks";
			outputFileListPaths = (
				"${PODS_ROOT}/Target Support Files/Pods-MainFlavor/Pods-MainFlavor-frameworks-${CONFIGURATION}-output-files.xcfilelist",
			);
			runOnlyForDeploymentPostprocessing = 0;
			shellPath = /bin/sh;
			shellScript = "\"${PODS_ROOT}/Target Support Files/Pods-MainFlavor/Pods-MainFlavor-frameworks.sh\"\n";
			showEnvVarsInLog = 0;
		};
		83702D1C2C53B27500D703D2 /* [CP] Copy Pods Resources */ = {
			isa = PBXShellScriptBuildPhase;
			buildActionMask = 2147483647;
			files = (
			);
			inputFileListPaths = (
				"${PODS_ROOT}/Target Support Files/Pods-MainFlavor/Pods-MainFlavor-resources-${CONFIGURATION}-input-files.xcfilelist",
			);
			name = "[CP] Copy Pods Resources";
			outputFileListPaths = (
				"${PODS_ROOT}/Target Support Files/Pods-MainFlavor/Pods-MainFlavor-resources-${CONFIGURATION}-output-files.xcfilelist",
			);
			runOnlyForDeploymentPostprocessing = 0;
			shellPath = /bin/sh;
			shellScript = "\"${PODS_ROOT}/Target Support Files/Pods-MainFlavor/Pods-MainFlavor-resources.sh\"\n";
			showEnvVarsInLog = 0;
		};
		83702D232C53B28E00D703D2 /* [CP] Check Pods Manifest.lock */ = {
			isa = PBXShellScriptBuildPhase;
			buildActionMask = 2147483647;
			files = (
			);
			inputFileListPaths = (
			);
			inputPaths = (
				"${PODS_PODFILE_DIR_PATH}/Podfile.lock",
				"${PODS_ROOT}/Manifest.lock",
			);
			name = "[CP] Check Pods Manifest.lock";
			outputFileListPaths = (
			);
			outputPaths = (
				"$(DERIVED_FILE_DIR)/Pods-BasicFlavor-checkManifestLockResult.txt",
			);
			runOnlyForDeploymentPostprocessing = 0;
			shellPath = /bin/sh;
			shellScript = "diff \"${PODS_PODFILE_DIR_PATH}/Podfile.lock\" \"${PODS_ROOT}/Manifest.lock\" > /dev/null\nif [ $? != 0 ] ; then\n    # print error to STDERR\n    echo \"error: The sandbox is not in sync with the Podfile.lock. Run 'pod install' or update your CocoaPods installation.\" >&2\n    exit 1\nfi\n# This output is used by Xcode 'outputs' to avoid re-running this script phase.\necho \"SUCCESS\" > \"${SCRIPT_OUTPUT_FILE_0}\"\n";
			showEnvVarsInLog = 0;
		};
		83702D2E2C53B28E00D703D2 /* Bundle React Native code and images */ = {
			isa = PBXShellScriptBuildPhase;
			buildActionMask = 2147483647;
			files = (
			);
			inputPaths = (
				"$(SRCROOT)/.xcode.env.local",
				"$(SRCROOT)/.xcode.env",
			);
			name = "Bundle React Native code and images";
			outputPaths = (
			);
			runOnlyForDeploymentPostprocessing = 0;
			shellPath = /bin/sh;
			shellScript = "set -e\n\nexport BUNDLE_COMMAND=webpack-bundle\n\nWITH_ENVIRONMENT=\"$REACT_NATIVE_PATH/scripts/xcode/with-environment.sh\"\nREACT_NATIVE_XCODE=\"$REACT_NATIVE_PATH/scripts/react-native-xcode.sh\"\n\n/bin/sh -c \"$WITH_ENVIRONMENT $REACT_NATIVE_XCODE\"\n";
		};
		83702D2F2C53B28E00D703D2 /* [CP] Embed Pods Frameworks */ = {
			isa = PBXShellScriptBuildPhase;
			buildActionMask = 2147483647;
			files = (
			);
			inputFileListPaths = (
				"${PODS_ROOT}/Target Support Files/Pods-BasicFlavor/Pods-BasicFlavor-frameworks-${CONFIGURATION}-input-files.xcfilelist",
			);
			name = "[CP] Embed Pods Frameworks";
			outputFileListPaths = (
				"${PODS_ROOT}/Target Support Files/Pods-BasicFlavor/Pods-BasicFlavor-frameworks-${CONFIGURATION}-output-files.xcfilelist",
			);
			runOnlyForDeploymentPostprocessing = 0;
			shellPath = /bin/sh;
			shellScript = "\"${PODS_ROOT}/Target Support Files/Pods-BasicFlavor/Pods-BasicFlavor-frameworks.sh\"\n";
			showEnvVarsInLog = 0;
		};
		83702D302C53B28E00D703D2 /* [CP] Copy Pods Resources */ = {
			isa = PBXShellScriptBuildPhase;
			buildActionMask = 2147483647;
			files = (
			);
			inputFileListPaths = (
				"${PODS_ROOT}/Target Support Files/Pods-BasicFlavor/Pods-BasicFlavor-resources-${CONFIGURATION}-input-files.xcfilelist",
			);
			name = "[CP] Copy Pods Resources";
			outputFileListPaths = (
				"${PODS_ROOT}/Target Support Files/Pods-BasicFlavor/Pods-BasicFlavor-resources-${CONFIGURATION}-output-files.xcfilelist",
			);
			runOnlyForDeploymentPostprocessing = 0;
			shellPath = /bin/sh;
			shellScript = "\"${PODS_ROOT}/Target Support Files/Pods-BasicFlavor/Pods-BasicFlavor-resources.sh\"\n";
			showEnvVarsInLog = 0;
		};
		A55EABD7B0C7F3A422A6CC61 /* [CP] Check Pods Manifest.lock */ = {
			isa = PBXShellScriptBuildPhase;
			buildActionMask = 2147483647;
			files = (
			);
			inputFileListPaths = (
			);
			inputPaths = (
				"${PODS_PODFILE_DIR_PATH}/Podfile.lock",
				"${PODS_ROOT}/Manifest.lock",
			);
			name = "[CP] Check Pods Manifest.lock";
			outputFileListPaths = (
			);
			outputPaths = (
				"$(DERIVED_FILE_DIR)/Pods-WhiteLabelSampleAppTests-checkManifestLockResult.txt",
			);
			runOnlyForDeploymentPostprocessing = 0;
			shellPath = /bin/sh;
			shellScript = "diff \"${PODS_PODFILE_DIR_PATH}/Podfile.lock\" \"${PODS_ROOT}/Manifest.lock\" > /dev/null\nif [ $? != 0 ] ; then\n    # print error to STDERR\n    echo \"error: The sandbox is not in sync with the Podfile.lock. Run 'pod install' or update your CocoaPods installation.\" >&2\n    exit 1\nfi\n# This output is used by Xcode 'outputs' to avoid re-running this script phase.\necho \"SUCCESS\" > \"${SCRIPT_OUTPUT_FILE_0}\"\n";
			showEnvVarsInLog = 0;
		};
		C59DA0FBD6956966B86A3779 /* [CP] Embed Pods Frameworks */ = {
			isa = PBXShellScriptBuildPhase;
			buildActionMask = 2147483647;
			files = (
			);
			inputFileListPaths = (
				"${PODS_ROOT}/Target Support Files/Pods-WhiteLabelSampleAppTests/Pods-WhiteLabelSampleAppTests-frameworks-${CONFIGURATION}-input-files.xcfilelist",
			);
			name = "[CP] Embed Pods Frameworks";
			outputFileListPaths = (
				"${PODS_ROOT}/Target Support Files/Pods-WhiteLabelSampleAppTests/Pods-WhiteLabelSampleAppTests-frameworks-${CONFIGURATION}-output-files.xcfilelist",
			);
			runOnlyForDeploymentPostprocessing = 0;
			shellPath = /bin/sh;
			shellScript = "\"${PODS_ROOT}/Target Support Files/Pods-WhiteLabelSampleAppTests/Pods-WhiteLabelSampleAppTests-frameworks.sh\"\n";
			showEnvVarsInLog = 0;
		};
		F6A41C54EA430FDDC6A6ED99 /* [CP] Copy Pods Resources */ = {
			isa = PBXShellScriptBuildPhase;
			buildActionMask = 2147483647;
			files = (
			);
			inputFileListPaths = (
				"${PODS_ROOT}/Target Support Files/Pods-WhiteLabelSampleAppTests/Pods-WhiteLabelSampleAppTests-resources-${CONFIGURATION}-input-files.xcfilelist",
			);
			name = "[CP] Copy Pods Resources";
			outputFileListPaths = (
				"${PODS_ROOT}/Target Support Files/Pods-WhiteLabelSampleAppTests/Pods-WhiteLabelSampleAppTests-resources-${CONFIGURATION}-output-files.xcfilelist",
			);
			runOnlyForDeploymentPostprocessing = 0;
			shellPath = /bin/sh;
			shellScript = "\"${PODS_ROOT}/Target Support Files/Pods-WhiteLabelSampleAppTests/Pods-WhiteLabelSampleAppTests-resources.sh\"\n";
			showEnvVarsInLog = 0;
		};
/* End PBXShellScriptBuildPhase section */

/* Begin PBXSourcesBuildPhase section */
		00E356EA1AD99517003FC87E /* Sources */ = {
			isa = PBXSourcesBuildPhase;
			buildActionMask = 2147483647;
			files = (
				00E356F31AD99517003FC87E /* WhiteLabelSampleAppTests.m in Sources */,
			);
			runOnlyForDeploymentPostprocessing = 0;
		};
		83702D102C53B27500D703D2 /* Sources */ = {
			isa = PBXSourcesBuildPhase;
			buildActionMask = 2147483647;
			files = (
				83702D112C53B27500D703D2 /* AppDelegate.mm in Sources */,
				83702D122C53B27500D703D2 /* main.m in Sources */,
				83702D132C53B27500D703D2 /* WhiteLabelPropertiesHandler.swift in Sources */,
			);
			runOnlyForDeploymentPostprocessing = 0;
		};
		83702D242C53B28E00D703D2 /* Sources */ = {
			isa = PBXSourcesBuildPhase;
			buildActionMask = 2147483647;
			files = (
				83702D252C53B28E00D703D2 /* AppDelegate.mm in Sources */,
				83702D262C53B28E00D703D2 /* main.m in Sources */,
				83702D272C53B28E00D703D2 /* WhiteLabelPropertiesHandler.swift in Sources */,
			);
			runOnlyForDeploymentPostprocessing = 0;
		};
/* End PBXSourcesBuildPhase section */

/* Begin XCBuildConfiguration section */
		00E356F61AD99517003FC87E /* Debug */ = {
			isa = XCBuildConfiguration;
			baseConfigurationReference = 24F97C295DC7A3CB22AD45A1 /* Pods-WhiteLabelSampleAppTests.debug.xcconfig */;
			buildSettings = {
				ALWAYS_EMBED_SWIFT_STANDARD_LIBRARIES = YES;
				BUNDLE_LOADER = "$(TEST_HOST)";
				GCC_PREPROCESSOR_DEFINITIONS = (
					"DEBUG=1",
					"$(inherited)",
				);
				INFOPLIST_FILE = WhiteLabelSampleAppTests/Info.plist;
				IPHONEOS_DEPLOYMENT_TARGET = 13.4;
				LD_RUNPATH_SEARCH_PATHS = (
					"$(inherited)",
					"@executable_path/Frameworks",
					"@loader_path/Frameworks",
				);
				OTHER_LDFLAGS = (
					"-ObjC",
					"-lc++",
					"$(inherited)",
				);
				PRODUCT_BUNDLE_IDENTIFIER = "org.reactjs.native.example.$(PRODUCT_NAME:rfc1034identifier)";
				PRODUCT_NAME = "$(TARGET_NAME)";
				TEST_HOST = "$(BUILT_PRODUCTS_DIR)/WhiteLabelSampleApp.app/WhiteLabelSampleApp";
			};
			name = Debug;
		};
		00E356F71AD99517003FC87E /* Release */ = {
			isa = XCBuildConfiguration;
			baseConfigurationReference = E1B3A37782BAC0C91D8EAE44 /* Pods-WhiteLabelSampleAppTests.release.xcconfig */;
			buildSettings = {
				ALWAYS_EMBED_SWIFT_STANDARD_LIBRARIES = YES;
				BUNDLE_LOADER = "$(TEST_HOST)";
				COPY_PHASE_STRIP = NO;
				INFOPLIST_FILE = WhiteLabelSampleAppTests/Info.plist;
				IPHONEOS_DEPLOYMENT_TARGET = 13.4;
				LD_RUNPATH_SEARCH_PATHS = (
					"$(inherited)",
					"@executable_path/Frameworks",
					"@loader_path/Frameworks",
				);
				OTHER_LDFLAGS = (
					"-ObjC",
					"-lc++",
					"$(inherited)",
				);
				PRODUCT_BUNDLE_IDENTIFIER = "org.reactjs.native.example.$(PRODUCT_NAME:rfc1034identifier)";
				PRODUCT_NAME = "$(TARGET_NAME)";
				TEST_HOST = "$(BUILT_PRODUCTS_DIR)/WhiteLabelSampleApp.app/WhiteLabelSampleApp";
			};
			name = Release;
		};
		83702D1E2C53B27500D703D2 /* Debug */ = {
			isa = XCBuildConfiguration;
			baseConfigurationReference = DC3FC9369F5FE3F0343306EF /* Pods-MainFlavor.debug.xcconfig */;
			buildSettings = {
				ASSETCATALOG_COMPILER_APPICON_NAME = AppIcon;
				CLANG_ENABLE_MODULES = YES;
				CURRENT_PROJECT_VERSION = 1;
				ENABLE_BITCODE = NO;
				INFOPLIST_FILE = "$(SRCROOT)/Resources/MainFlavor/MainFlavor-Info.plist";
				LD_RUNPATH_SEARCH_PATHS = (
					"$(inherited)",
					"@executable_path/Frameworks",
				);
				MARKETING_VERSION = 1.0;
				OTHER_LDFLAGS = (
					"$(inherited)",
					"-ObjC",
					"-lc++",
				);
				PRODUCT_BUNDLE_IDENTIFIER = com.whitelabelsampleapp.main;
				PRODUCT_NAME = "$(TARGET_NAME)";
				SWIFT_OBJC_BRIDGING_HEADER = "WhiteLabelSampleApp-Bridging-Header.h";
				SWIFT_OBJC_INTERFACE_HEADER_NAME = "WhiteLabelSampleApp-Swift.h";
				SWIFT_OPTIMIZATION_LEVEL = "-Onone";
				SWIFT_VERSION = 5.0;
				VERSIONING_SYSTEM = "apple-generic";
			};
			name = Debug;
		};
		83702D1F2C53B27500D703D2 /* Release */ = {
			isa = XCBuildConfiguration;
			baseConfigurationReference = A3AECDFC1CDFF3CA755DE7E7 /* Pods-MainFlavor.release.xcconfig */;
			buildSettings = {
				ASSETCATALOG_COMPILER_APPICON_NAME = AppIcon;
				CLANG_ENABLE_MODULES = YES;
				CURRENT_PROJECT_VERSION = 1;
				INFOPLIST_FILE = "$(SRCROOT)/Resources/MainFlavor/MainFlavor-Info.plist";
				LD_RUNPATH_SEARCH_PATHS = (
					"$(inherited)",
					"@executable_path/Frameworks",
				);
				MARKETING_VERSION = 1.0;
				OTHER_LDFLAGS = (
					"$(inherited)",
					"-ObjC",
					"-lc++",
				);
				PRODUCT_BUNDLE_IDENTIFIER = com.whitelabelsampleapp.main;
				PRODUCT_NAME = "$(TARGET_NAME)";
				SWIFT_OBJC_BRIDGING_HEADER = "WhiteLabelSampleApp-Bridging-Header.h";
				SWIFT_OBJC_INTERFACE_HEADER_NAME = "WhiteLabelSampleApp-Swift.h";
				SWIFT_VERSION = 5.0;
				VERSIONING_SYSTEM = "apple-generic";
			};
			name = Release;
		};
		83702D322C53B28E00D703D2 /* Debug */ = {
			isa = XCBuildConfiguration;
			baseConfigurationReference = 44413021EB92289214912BA3 /* Pods-BasicFlavor.debug.xcconfig */;
			buildSettings = {
				ASSETCATALOG_COMPILER_APPICON_NAME = AppIcon;
				CLANG_ENABLE_MODULES = YES;
				CURRENT_PROJECT_VERSION = 1;
				ENABLE_BITCODE = NO;
				INFOPLIST_FILE = "$(SRCROOT)/Resources/BasicFlavor/BasicFlavor-Info.plist";
				LD_RUNPATH_SEARCH_PATHS = (
					"$(inherited)",
					"@executable_path/Frameworks",
				);
				MARKETING_VERSION = 1.0;
				OTHER_LDFLAGS = (
					"$(inherited)",
					"-ObjC",
					"-lc++",
				);
				PRODUCT_BUNDLE_IDENTIFIER = com.whitelabelsampleapp.basic;
				PRODUCT_NAME = "$(TARGET_NAME)";
				SWIFT_OBJC_BRIDGING_HEADER = "WhiteLabelSampleApp-Bridging-Header.h";
				SWIFT_OBJC_INTERFACE_HEADER_NAME = "WhiteLabelSampleApp-Swift.h";
				SWIFT_OPTIMIZATION_LEVEL = "-Onone";
				SWIFT_VERSION = 5.0;
				VERSIONING_SYSTEM = "apple-generic";
			};
			name = Debug;
		};
		83702D332C53B28E00D703D2 /* Release */ = {
			isa = XCBuildConfiguration;
			baseConfigurationReference = 33C6424409E003AAFDB777C3 /* Pods-BasicFlavor.release.xcconfig */;
			buildSettings = {
				ASSETCATALOG_COMPILER_APPICON_NAME = AppIcon;
				CLANG_ENABLE_MODULES = YES;
				CURRENT_PROJECT_VERSION = 1;
				INFOPLIST_FILE = "$(SRCROOT)/Resources/BasicFlavor/BasicFlavor-Info.plist";
				LD_RUNPATH_SEARCH_PATHS = (
					"$(inherited)",
					"@executable_path/Frameworks",
				);
				MARKETING_VERSION = 1.0;
				OTHER_LDFLAGS = (
					"$(inherited)",
					"-ObjC",
					"-lc++",
				);
				PRODUCT_BUNDLE_IDENTIFIER = com.whitelabelsampleapp.basic;
				PRODUCT_NAME = "$(TARGET_NAME)";
				SWIFT_OBJC_BRIDGING_HEADER = "WhiteLabelSampleApp-Bridging-Header.h";
				SWIFT_OBJC_INTERFACE_HEADER_NAME = "WhiteLabelSampleApp-Swift.h";
				SWIFT_VERSION = 5.0;
				VERSIONING_SYSTEM = "apple-generic";
			};
			name = Release;
		};
		83CBBA201A601CBA00E9B192 /* Debug */ = {
			isa = XCBuildConfiguration;
			buildSettings = {
				ALWAYS_SEARCH_USER_PATHS = NO;
				CC = "";
				CLANG_ANALYZER_LOCALIZABILITY_NONLOCALIZED = YES;
				CLANG_CXX_LANGUAGE_STANDARD = "c++20";
				CLANG_CXX_LIBRARY = "libc++";
				CLANG_ENABLE_MODULES = YES;
				CLANG_ENABLE_OBJC_ARC = YES;
				CLANG_WARN_BLOCK_CAPTURE_AUTORELEASING = YES;
				CLANG_WARN_BOOL_CONVERSION = YES;
				CLANG_WARN_COMMA = YES;
				CLANG_WARN_CONSTANT_CONVERSION = YES;
				CLANG_WARN_DEPRECATED_OBJC_IMPLEMENTATIONS = YES;
				CLANG_WARN_DIRECT_OBJC_ISA_USAGE = YES_ERROR;
				CLANG_WARN_EMPTY_BODY = YES;
				CLANG_WARN_ENUM_CONVERSION = YES;
				CLANG_WARN_INFINITE_RECURSION = YES;
				CLANG_WARN_INT_CONVERSION = YES;
				CLANG_WARN_NON_LITERAL_NULL_CONVERSION = YES;
				CLANG_WARN_OBJC_IMPLICIT_RETAIN_SELF = YES;
				CLANG_WARN_OBJC_LITERAL_CONVERSION = YES;
				CLANG_WARN_OBJC_ROOT_CLASS = YES_ERROR;
				CLANG_WARN_QUOTED_INCLUDE_IN_FRAMEWORK_HEADER = YES;
				CLANG_WARN_RANGE_LOOP_ANALYSIS = YES;
				CLANG_WARN_STRICT_PROTOTYPES = YES;
				CLANG_WARN_SUSPICIOUS_MOVE = YES;
				CLANG_WARN_UNREACHABLE_CODE = YES;
				CLANG_WARN__DUPLICATE_METHOD_MATCH = YES;
				"CODE_SIGN_IDENTITY[sdk=iphoneos*]" = "iPhone Developer";
				COPY_PHASE_STRIP = NO;
				CXX = "";
				ENABLE_STRICT_OBJC_MSGSEND = YES;
				ENABLE_TESTABILITY = YES;
				"EXCLUDED_ARCHS[sdk=iphonesimulator*]" = "";
				GCC_C_LANGUAGE_STANDARD = gnu99;
				GCC_DYNAMIC_NO_PIC = NO;
				GCC_NO_COMMON_BLOCKS = YES;
				GCC_OPTIMIZATION_LEVEL = 0;
				GCC_PREPROCESSOR_DEFINITIONS = (
					"DEBUG=1",
					"$(inherited)",
				);
				GCC_SYMBOLS_PRIVATE_EXTERN = NO;
				GCC_WARN_64_TO_32_BIT_CONVERSION = YES;
				GCC_WARN_ABOUT_RETURN_TYPE = YES_ERROR;
				GCC_WARN_UNDECLARED_SELECTOR = YES;
				GCC_WARN_UNINITIALIZED_AUTOS = YES_AGGRESSIVE;
				GCC_WARN_UNUSED_FUNCTION = YES;
				GCC_WARN_UNUSED_VARIABLE = YES;
				IPHONEOS_DEPLOYMENT_TARGET = 13.4;
				LD = "";
				LDPLUSPLUS = "";
				LD_RUNPATH_SEARCH_PATHS = (
					/usr/lib/swift,
					"$(inherited)",
				);
				LIBRARY_SEARCH_PATHS = (
					"\"$(SDKROOT)/usr/lib/swift\"",
					"\"$(TOOLCHAIN_DIR)/usr/lib/swift/$(PLATFORM_NAME)\"",
					"\"$(inherited)\"",
				);
				MTL_ENABLE_DEBUG_INFO = YES;
				ONLY_ACTIVE_ARCH = YES;
				OTHER_CPLUSPLUSFLAGS = (
					"$(OTHER_CFLAGS)",
					"-DFOLLY_NO_CONFIG",
					"-DFOLLY_MOBILE=1",
					"-DFOLLY_USE_LIBCPP=1",
					"-DFOLLY_CFG_NO_COROUTINES=1",
					"-DFOLLY_HAVE_CLOCK_GETTIME=1",
				);
				OTHER_LDFLAGS = (
					"$(inherited)",
					" ",
				);
				REACT_NATIVE_PATH = "${PODS_ROOT}/../../node_modules/react-native";
				SDKROOT = iphoneos;
				USE_HERMES = true;
			};
			name = Debug;
		};
		83CBBA211A601CBA00E9B192 /* Release */ = {
			isa = XCBuildConfiguration;
			buildSettings = {
				ALWAYS_SEARCH_USER_PATHS = NO;
				CC = "";
				CLANG_ANALYZER_LOCALIZABILITY_NONLOCALIZED = YES;
				CLANG_CXX_LANGUAGE_STANDARD = "c++20";
				CLANG_CXX_LIBRARY = "libc++";
				CLANG_ENABLE_MODULES = YES;
				CLANG_ENABLE_OBJC_ARC = YES;
				CLANG_WARN_BLOCK_CAPTURE_AUTORELEASING = YES;
				CLANG_WARN_BOOL_CONVERSION = YES;
				CLANG_WARN_COMMA = YES;
				CLANG_WARN_CONSTANT_CONVERSION = YES;
				CLANG_WARN_DEPRECATED_OBJC_IMPLEMENTATIONS = YES;
				CLANG_WARN_DIRECT_OBJC_ISA_USAGE = YES_ERROR;
				CLANG_WARN_EMPTY_BODY = YES;
				CLANG_WARN_ENUM_CONVERSION = YES;
				CLANG_WARN_INFINITE_RECURSION = YES;
				CLANG_WARN_INT_CONVERSION = YES;
				CLANG_WARN_NON_LITERAL_NULL_CONVERSION = YES;
				CLANG_WARN_OBJC_IMPLICIT_RETAIN_SELF = YES;
				CLANG_WARN_OBJC_LITERAL_CONVERSION = YES;
				CLANG_WARN_OBJC_ROOT_CLASS = YES_ERROR;
				CLANG_WARN_QUOTED_INCLUDE_IN_FRAMEWORK_HEADER = YES;
				CLANG_WARN_RANGE_LOOP_ANALYSIS = YES;
				CLANG_WARN_STRICT_PROTOTYPES = YES;
				CLANG_WARN_SUSPICIOUS_MOVE = YES;
				CLANG_WARN_UNREACHABLE_CODE = YES;
				CLANG_WARN__DUPLICATE_METHOD_MATCH = YES;
				"CODE_SIGN_IDENTITY[sdk=iphoneos*]" = "iPhone Developer";
				COPY_PHASE_STRIP = YES;
				CXX = "";
				ENABLE_NS_ASSERTIONS = NO;
				ENABLE_STRICT_OBJC_MSGSEND = YES;
				"EXCLUDED_ARCHS[sdk=iphonesimulator*]" = "";
				GCC_C_LANGUAGE_STANDARD = gnu99;
				GCC_NO_COMMON_BLOCKS = YES;
				GCC_WARN_64_TO_32_BIT_CONVERSION = YES;
				GCC_WARN_ABOUT_RETURN_TYPE = YES_ERROR;
				GCC_WARN_UNDECLARED_SELECTOR = YES;
				GCC_WARN_UNINITIALIZED_AUTOS = YES_AGGRESSIVE;
				GCC_WARN_UNUSED_FUNCTION = YES;
				GCC_WARN_UNUSED_VARIABLE = YES;
				IPHONEOS_DEPLOYMENT_TARGET = 13.4;
				LD = "";
				LDPLUSPLUS = "";
				LD_RUNPATH_SEARCH_PATHS = (
					/usr/lib/swift,
					"$(inherited)",
				);
				LIBRARY_SEARCH_PATHS = (
					"\"$(SDKROOT)/usr/lib/swift\"",
					"\"$(TOOLCHAIN_DIR)/usr/lib/swift/$(PLATFORM_NAME)\"",
					"\"$(inherited)\"",
				);
				MTL_ENABLE_DEBUG_INFO = NO;
				OTHER_CPLUSPLUSFLAGS = (
					"$(OTHER_CFLAGS)",
					"-DFOLLY_NO_CONFIG",
					"-DFOLLY_MOBILE=1",
					"-DFOLLY_USE_LIBCPP=1",
					"-DFOLLY_CFG_NO_COROUTINES=1",
					"-DFOLLY_HAVE_CLOCK_GETTIME=1",
				);
				OTHER_LDFLAGS = (
					"$(inherited)",
					" ",
				);
				REACT_NATIVE_PATH = "${PODS_ROOT}/../../node_modules/react-native";
				SDKROOT = iphoneos;
				USE_HERMES = true;
				VALIDATE_PRODUCT = YES;
			};
			name = Release;
		};
/* End XCBuildConfiguration section */

/* Begin XCConfigurationList section */
		00E357021AD99517003FC87E /* Build configuration list for PBXNativeTarget "WhiteLabelSampleAppTests" */ = {
			isa = XCConfigurationList;
			buildConfigurations = (
				00E356F61AD99517003FC87E /* Debug */,
				00E356F71AD99517003FC87E /* Release */,
			);
			defaultConfigurationIsVisible = 0;
			defaultConfigurationName = Release;
		};
		83702D1D2C53B27500D703D2 /* Build configuration list for PBXNativeTarget "MainFlavor" */ = {
			isa = XCConfigurationList;
			buildConfigurations = (
				83702D1E2C53B27500D703D2 /* Debug */,
				83702D1F2C53B27500D703D2 /* Release */,
			);
			defaultConfigurationIsVisible = 0;
			defaultConfigurationName = Release;
		};
		83702D312C53B28E00D703D2 /* Build configuration list for PBXNativeTarget "BasicFlavor" */ = {
			isa = XCConfigurationList;
			buildConfigurations = (
				83702D322C53B28E00D703D2 /* Debug */,
				83702D332C53B28E00D703D2 /* Release */,
			);
			defaultConfigurationIsVisible = 0;
			defaultConfigurationName = Release;
		};
		83CBB9FA1A601CBA00E9B192 /* Build configuration list for PBXProject "WhiteLabelSampleApp" */ = {
			isa = XCConfigurationList;
			buildConfigurations = (
				83CBBA201A601CBA00E9B192 /* Debug */,
				83CBBA211A601CBA00E9B192 /* Release */,
			);
			defaultConfigurationIsVisible = 0;
			defaultConfigurationName = Release;
		};
/* End XCConfigurationList section */
	};
	rootObject = 83CBB9F71A601CBA00E9B192 /* Project object */;
}
